lockfileVersion: "9.0"

settings:
  autoInstallPeers: true
  excludeLinksFromLockfile: false

importers:
  .:
    dependencies:
      "@simplewebauthn/browser":
        specifier: ^13.2.2
        version: 13.2.2
      effect:
        specifier: ^3.18.4
        version: 3.18.4

packages:
  "@simplewebauthn/browser@13.2.2":
    resolution:
      {
        integrity: sha512-FNW1oLQpTJyqG5kkDg5ZsotvWgmBaC6jCHR7Ej0qUNep36Wl9tj2eZu7J5rP+uhXgHaLk+QQ3lqcw2vS5MX1IA==,
      }

  "@standard-schema/spec@1.0.0":
    resolution:
      {
        integrity: sha512-m2bOd0f2RT9k8QJx1JN85cZYyH1RqFBdlwtkSlf4tBDYLCiiZnv1fIIwacK6cqwXavOydf0NPToMQgpKq+dVlA==,
      }

  effect@3.18.4:
    resolution:
      {
        integrity: sha512-b1LXQJLe9D11wfnOKAk3PKxuqYshQ0Heez+y5pnkd3jLj1yx9QhM72zZ9uUrOQyNvrs2GZZd/3maL0ZV18YuDA==,
      }

  fast-check@3.23.2:
    resolution:
      {
        integrity: sha512-h5+1OzzfCC3Ef7VbtKdcv7zsstUQwUDlYpUTvjeUsJAssPgLn7QzbboPtL5ro04Mq0rPOsMzl7q5hIbRs2wD1A==,
      }
    engines: { node: ">=8.0.0" }

  pure-rand@6.1.0:
    resolution:
      {
        integrity: sha512-bVWawvoZoBYpp6yIoQtQXHZjmz35RSVHnUOTefl8Vcjr8snTPY1wnpSPMWekcFwbxI6gtmT7rSYPFvz71ldiOA==,
      }

snapshots:
  "@simplewebauthn/browser@13.2.2": {}

  "@standard-schema/spec@1.0.0": {}

  effect@3.18.4:
    dependencies:
      "@standard-schema/spec": 1.0.0
      fast-check: 3.23.2

  fast-check@3.23.2:
    dependencies:
      pure-rand: 6.1.0

  pure-rand@6.1.0: {}
